
Microsoft Visual Studio Solution File, Format Version 12.00
# Visual Studio Version 16
VisualStudioVersion = 16.0.31205.134
MinimumVisualStudioVersion = 10.0.40219.1
Project("{FAE04EC0-301F-11D3-BF4B-00C04F79EFBC}") = "CodeAcademy - Conditionals", "CodeAcademy - Conditionals.csproj", "{F3C7D7FA-570E-4124-B696-0A5EA7CFA2E5}"
EndProject
Global
	GlobalSection(SolutionConfigurationPlatforms) = preSolution
		Debug|Any CPU = Debug|Any CPU
		Release|Any CPU = Release|Any CPU
	EndGlobalSection
	GlobalSection(ProjectConfigurationPlatforms) = postSolution
		{F3C7D7FA-570E-4124-B696-0A5EA7CFA2E5}.Debug|Any CPU.ActiveCfg = Debug|Any CPU
		{F3C7D7FA-570E-4124-B696-0A5EA7CFA2E5}.Debug|Any CPU.Build.0 = Debug|Any CPU
		{F3C7D7FA-570E-4124-B696-0A5EA7CFA2E5}.Release|Any CPU.ActiveCfg = Release|Any CPU
		{F3C7D7FA-570E-4124-B696-0A5EA7CFA2E5}.Release|Any CPU.Build.0 = Release|Any CPU
	EndGlobalSection
	GlobalSection(SolutionProperties) = preSolution
		HideSolutionNode = FALSE
	EndGlobalSection
	GlobalSection(ExtensibilityGlobals) = postSolution
		SolutionGuid = {C13C35EB-C9A7-40F6-87A4-B995706AFAA4}
	EndGlobalSection
EndGlobal
